
Microsoft Visual Studio Solution File, Format Version 12.00
# Visual Studio Version 17
VisualStudioVersion = 17.2.32526.322
MinimumVisualStudioVersion = 10.0.40219.1
Project("{FAE04EC0-301F-11D3-BF4B-00C04F79EFBC}") = "ProjectAlta", "ProjectAlta\ProjectAlta.csproj", "{CC4A621C-FF76-4566-BD26-5BC34A82D4D1}"
EndProject
Global
	GlobalSection(SolutionConfigurationPlatforms) = preSolution
		Debug|Any CPU = Debug|Any CPU
		Release|Any CPU = Release|Any CPU
	EndGlobalSection
	GlobalSection(ProjectConfigurationPlatforms) = postSolution
		{CC4A621C-FF76-4566-BD26-5BC34A82D4D1}.Debug|Any CPU.ActiveCfg = Debug|Any CPU
		{CC4A621C-FF76-4566-BD26-5BC34A82D4D1}.Debug|Any CPU.Build.0 = Debug|Any CPU
		{CC4A621C-FF76-4566-BD26-5BC34A82D4D1}.Release|Any CPU.ActiveCfg = Release|Any CPU
		{CC4A621C-FF76-4566-BD26-5BC34A82D4D1}.Release|Any CPU.Build.0 = Release|Any CPU
	EndGlobalSection
	GlobalSection(SolutionProperties) = preSolution
		HideSolutionNode = FALSE
	EndGlobalSection
	GlobalSection(ExtensibilityGlobals) = postSolution
		SolutionGuid = {7296F49D-E9C8-4C46-B928-EABDE542CC7E}
	EndGlobalSection
EndGlobal
